
Microsoft Visual Studio Solution File, Format Version 12.00
# Visual Studio Version 17
VisualStudioVersion = 17.2.32616.157
MinimumVisualStudioVersion = 10.0.40219.1
Project("{FAE04EC0-301F-11D3-BF4B-00C04F79EFBC}") = "Witcher3SaveToggle.WPF", "Witcher3SaveToggle.WPF.csproj", "{B77847BB-4D9D-4547-9F28-E57B0A40F029}"
EndProject
Global
	GlobalSection(SolutionConfigurationPlatforms) = preSolution
		Debug|Any CPU = Debug|Any CPU
		Release|Any CPU = Release|Any CPU
	EndGlobalSection
	GlobalSection(ProjectConfigurationPlatforms) = postSolution
		{B77847BB-4D9D-4547-9F28-E57B0A40F029}.Debug|Any CPU.ActiveCfg = Debug|Any CPU
		{B77847BB-4D9D-4547-9F28-E57B0A40F029}.Debug|Any CPU.Build.0 = Debug|Any CPU
		{B77847BB-4D9D-4547-9F28-E57B0A40F029}.Release|Any CPU.ActiveCfg = Release|Any CPU
		{B77847BB-4D9D-4547-9F28-E57B0A40F029}.Release|Any CPU.Build.0 = Release|Any CPU
	EndGlobalSection
	GlobalSection(SolutionProperties) = preSolution
		HideSolutionNode = FALSE
	EndGlobalSection
	GlobalSection(ExtensibilityGlobals) = postSolution
		SolutionGuid = {FDBB305D-FFCC-44C5-9799-C25F44B0B604}
	EndGlobalSection
EndGlobal
